
Microsoft Visual Studio Solution File, Format Version 12.00
# Visual Studio Version 17
VisualStudioVersion = 17.4.33213.308
MinimumVisualStudioVersion = 10.0.40219.1
Project("{2150E333-8FDC-42A3-9474-1A3956D46DE8}") = "src", "src", "{8C1B58BD-AE54-4CBB-959B-47058DF3756B}"
EndProject
Project("{2150E333-8FDC-42A3-9474-1A3956D46DE8}") = "test", "test", "{36B1A69B-57A5-4C94-BBDB-01ADD6817219}"
EndProject
Project("{2150E333-8FDC-42A3-9474-1A3956D46DE8}") = "Core", "Core", "{0553D0C5-055E-4DD8-B844-0615D02C543A}"
EndProject
Project("{2150E333-8FDC-42A3-9474-1A3956D46DE8}") = "API", "API", "{418EA2E0-6A9C-4CFE-BA7B-D866CF565A96}"
EndProject
Project("{2150E333-8FDC-42A3-9474-1A3956D46DE8}") = "Infrastructure", "Infrastructure", "{EFC658EA-2810-4A59-9245-1D754E6C9C81}"
EndProject
Project("{2150E333-8FDC-42A3-9474-1A3956D46DE8}") = "UI", "UI", "{F30D63AA-6A07-44F0-9CF0-08CCC7DE8E10}"
EndProject
Project("{FAE04EC0-301F-11D3-BF4B-00C04F79EFBC}") = "HR.LeaveManagement.Domain", "HR.LeaveManagement.Domain\HR.LeaveManagement.Domain.csproj", "{A82E5417-8B9E-4DC8-B050-3EEE3707AF70}"
EndProject
Project("{FAE04EC0-301F-11D3-BF4B-00C04F79EFBC}") = "HR.LeaveManagement.Application", "HR.LeaveManagement.Application\HR.LeaveManagement.Application.csproj", "{C09AF822-58F9-42BE-ABFB-514677D19BBA}"
EndProject
Project("{FAE04EC0-301F-11D3-BF4B-00C04F79EFBC}") = "HR.LeaveManagement.Persistence", "HR.LeaveManagement.Persistence\HR.LeaveManagement.Persistence.csproj", "{6C9257A2-D221-41C6-BFA3-2DC45483D0E2}"
EndProject
Project("{FAE04EC0-301F-11D3-BF4B-00C04F79EFBC}") = "HR.LeaveManagement.Infrastructure", "HR.LeaveManagement.Infrastructure\HR.LeaveManagement.Infrastructure.csproj", "{BE20C831-0592-4DA2-B5E2-F62F2DA66DBE}"
EndProject
Global
	GlobalSection(SolutionConfigurationPlatforms) = preSolution
		Debug|Any CPU = Debug|Any CPU
		Release|Any CPU = Release|Any CPU
	EndGlobalSection
	GlobalSection(ProjectConfigurationPlatforms) = postSolution
		{A82E5417-8B9E-4DC8-B050-3EEE3707AF70}.Debug|Any CPU.ActiveCfg = Debug|Any CPU
		{A82E5417-8B9E-4DC8-B050-3EEE3707AF70}.Debug|Any CPU.Build.0 = Debug|Any CPU
		{A82E5417-8B9E-4DC8-B050-3EEE3707AF70}.Release|Any CPU.ActiveCfg = Release|Any CPU
		{A82E5417-8B9E-4DC8-B050-3EEE3707AF70}.Release|Any CPU.Build.0 = Release|Any CPU
		{C09AF822-58F9-42BE-ABFB-514677D19BBA}.Debug|Any CPU.ActiveCfg = Debug|Any CPU
		{C09AF822-58F9-42BE-ABFB-514677D19BBA}.Debug|Any CPU.Build.0 = Debug|Any CPU
		{C09AF822-58F9-42BE-ABFB-514677D19BBA}.Release|Any CPU.ActiveCfg = Release|Any CPU
		{C09AF822-58F9-42BE-ABFB-514677D19BBA}.Release|Any CPU.Build.0 = Release|Any CPU
		{6C9257A2-D221-41C6-BFA3-2DC45483D0E2}.Debug|Any CPU.ActiveCfg = Debug|Any CPU
		{6C9257A2-D221-41C6-BFA3-2DC45483D0E2}.Debug|Any CPU.Build.0 = Debug|Any CPU
		{6C9257A2-D221-41C6-BFA3-2DC45483D0E2}.Release|Any CPU.ActiveCfg = Release|Any CPU
		{6C9257A2-D221-41C6-BFA3-2DC45483D0E2}.Release|Any CPU.Build.0 = Release|Any CPU
		{BE20C831-0592-4DA2-B5E2-F62F2DA66DBE}.Debug|Any CPU.ActiveCfg = Debug|Any CPU
		{BE20C831-0592-4DA2-B5E2-F62F2DA66DBE}.Debug|Any CPU.Build.0 = Debug|Any CPU
		{BE20C831-0592-4DA2-B5E2-F62F2DA66DBE}.Release|Any CPU.ActiveCfg = Release|Any CPU
		{BE20C831-0592-4DA2-B5E2-F62F2DA66DBE}.Release|Any CPU.Build.0 = Release|Any CPU
	EndGlobalSection
	GlobalSection(SolutionProperties) = preSolution
		HideSolutionNode = FALSE
	EndGlobalSection
	GlobalSection(NestedProjects) = preSolution
		{0553D0C5-055E-4DD8-B844-0615D02C543A} = {8C1B58BD-AE54-4CBB-959B-47058DF3756B}
		{418EA2E0-6A9C-4CFE-BA7B-D866CF565A96} = {8C1B58BD-AE54-4CBB-959B-47058DF3756B}
		{EFC658EA-2810-4A59-9245-1D754E6C9C81} = {8C1B58BD-AE54-4CBB-959B-47058DF3756B}
		{F30D63AA-6A07-44F0-9CF0-08CCC7DE8E10} = {8C1B58BD-AE54-4CBB-959B-47058DF3756B}
		{A82E5417-8B9E-4DC8-B050-3EEE3707AF70} = {0553D0C5-055E-4DD8-B844-0615D02C543A}
		{C09AF822-58F9-42BE-ABFB-514677D19BBA} = {0553D0C5-055E-4DD8-B844-0615D02C543A}
		{6C9257A2-D221-41C6-BFA3-2DC45483D0E2} = {EFC658EA-2810-4A59-9245-1D754E6C9C81}
		{BE20C831-0592-4DA2-B5E2-F62F2DA66DBE} = {EFC658EA-2810-4A59-9245-1D754E6C9C81}
	EndGlobalSection
	GlobalSection(ExtensibilityGlobals) = postSolution
		SolutionGuid = {213A7C22-C1F3-4004-89A8-FF7A4194D58C}
	EndGlobalSection
EndGlobal
